
Microsoft Visual Studio Solution File, Format Version 12.00
# Visual Studio Version 17
VisualStudioVersion = 17.14.36603.0 d17.14
MinimumVisualStudioVersion = 10.0.40219.1
Project("{FAE04EC0-301F-11D3-BF4B-00C04F79EFBC}") = "SuperherosApp", "SuperherosApp\SuperherosApp.csproj", "{80C50E3A-0951-4A1C-82A8-882CC46618D8}"
EndProject
Global
	GlobalSection(SolutionConfigurationPlatforms) = preSolution
		Debug|Any CPU = Debug|Any CPU
		Release|Any CPU = Release|Any CPU
	EndGlobalSection
	GlobalSection(ProjectConfigurationPlatforms) = postSolution
		{80C50E3A-0951-4A1C-82A8-882CC46618D8}.Debug|Any CPU.ActiveCfg = Debug|Any CPU
		{80C50E3A-0951-4A1C-82A8-882CC46618D8}.Debug|Any CPU.Build.0 = Debug|Any CPU
		{80C50E3A-0951-4A1C-82A8-882CC46618D8}.Release|Any CPU.ActiveCfg = Release|Any CPU
		{80C50E3A-0951-4A1C-82A8-882CC46618D8}.Release|Any CPU.Build.0 = Release|Any CPU
	EndGlobalSection
	GlobalSection(SolutionProperties) = preSolution
		HideSolutionNode = FALSE
	EndGlobalSection
	GlobalSection(ExtensibilityGlobals) = postSolution
		SolutionGuid = {57B98DBE-A4D6-4EDA-80AD-E66FE04034A9}
	EndGlobalSection
EndGlobal
